// !$*UTF8*$!
{
	archiveVersion = 1;
	classes = {
	};
	objectVersion = 55;
	objects = {

/* Begin PBXBuildFile section */
		1DAC370E0FB82FCDAF37A745 /* Pods_Flixter_FlixterUITests.framework in Frameworks */ = {isa = PBXBuildFile; fileRef = 72800E2F583B135D5DACF0AC /* Pods_Flixter_FlixterUITests.framework */; };
		2AC82D121345D9DE1F1C93D4 /* Pods_FlixterTests.framework in Frameworks */ = {isa = PBXBuildFile; fileRef = 4D2F45989C71582D5E5979FE /* Pods_FlixterTests.framework */; };
		7B3BDFD2285AA56100EFCB48 /* MovieCell.m in Sources */ = {isa = PBXBuildFile; fileRef = 7B3BDFD1285AA56100EFCB48 /* MovieCell.m */; };
		7B60C78B285A4DD400DA91F3 /* AppDelegate.m in Sources */ = {isa = PBXBuildFile; fileRef = 7B60C78A285A4DD400DA91F3 /* AppDelegate.m */; };
		7B60C78E285A4DD400DA91F3 /* SceneDelegate.m in Sources */ = {isa = PBXBuildFile; fileRef = 7B60C78D285A4DD400DA91F3 /* SceneDelegate.m */; };
		7B60C794285A4DD400DA91F3 /* Main.storyboard in Resources */ = {isa = PBXBuildFile; fileRef = 7B60C792285A4DD400DA91F3 /* Main.storyboard */; };
		7B60C796285A4DD500DA91F3 /* Assets.xcassets in Resources */ = {isa = PBXBuildFile; fileRef = 7B60C795285A4DD500DA91F3 /* Assets.xcassets */; };
		7B60C799285A4DD500DA91F3 /* LaunchScreen.storyboard in Resources */ = {isa = PBXBuildFile; fileRef = 7B60C797285A4DD500DA91F3 /* LaunchScreen.storyboard */; };
		7B60C79C285A4DD500DA91F3 /* main.m in Sources */ = {isa = PBXBuildFile; fileRef = 7B60C79B285A4DD500DA91F3 /* main.m */; };
		7B60C7A6285A4DD500DA91F3 /* FlixterTests.m in Sources */ = {isa = PBXBuildFile; fileRef = 7B60C7A5285A4DD500DA91F3 /* FlixterTests.m */; };
		7B60C7B0285A4DD500DA91F3 /* FlixterUITests.m in Sources */ = {isa = PBXBuildFile; fileRef = 7B60C7AF285A4DD500DA91F3 /* FlixterUITests.m */; };
		7B60C7B2285A4DD500DA91F3 /* FlixterUITestsLaunchTests.m in Sources */ = {isa = PBXBuildFile; fileRef = 7B60C7B1285A4DD500DA91F3 /* FlixterUITestsLaunchTests.m */; };
		7B60C7C0285A55CD00DA91F3 /* MovieViewController.m in Sources */ = {isa = PBXBuildFile; fileRef = 7B60C7BF285A55CD00DA91F3 /* MovieViewController.m */; };
		7B99FFBC285BCF0E0091EA09 /* DetailsViewController.m in Sources */ = {isa = PBXBuildFile; fileRef = 7B99FFBB285BCF0E0091EA09 /* DetailsViewController.m */; };
		D10BC4653D7D3E3EDB58EE12 /* Pods_Flixter.framework in Frameworks */ = {isa = PBXBuildFile; fileRef = 0DAA7C399D62CE8A4784267C /* Pods_Flixter.framework */; };
/* End PBXBuildFile section */

/* Begin PBXContainerItemProxy section */
		7B60C7A2285A4DD500DA91F3 /* PBXContainerItemProxy */ = {
			isa = PBXContainerItemProxy;
			containerPortal = 7B60C77E285A4DD400DA91F3 /* Project object */;
			proxyType = 1;
			remoteGlobalIDString = 7B60C785285A4DD400DA91F3;
			remoteInfo = Flixter;
		};
		7B60C7AC285A4DD500DA91F3 /* PBXContainerItemProxy */ = {
			isa = PBXContainerItemProxy;
			containerPortal = 7B60C77E285A4DD400DA91F3 /* Project object */;
			proxyType = 1;
			remoteGlobalIDString = 7B60C785285A4DD400DA91F3;
			remoteInfo = Flixter;
		};
/* End PBXContainerItemProxy section */

/* Begin PBXFileReference section */
		0DAA7C399D62CE8A4784267C /* Pods_Flixter.framework */ = {isa = PBXFileReference; explicitFileType = wrapper.framework; includeInIndex = 0; path = Pods_Flixter.framework; sourceTree = BUILT_PRODUCTS_DIR; };
		0FD350B4E69004E62E8AEF26 /* Pods-Flixter-FlixterUITests.debug.xcconfig */ = {isa = PBXFileReference; includeInIndex = 1; lastKnownFileType = text.xcconfig; name = "Pods-Flixter-FlixterUITests.debug.xcconfig"; path = "Target Support Files/Pods-Flixter-FlixterUITests/Pods-Flixter-FlixterUITests.debug.xcconfig"; sourceTree = "<group>"; };
		25337B365A5B496C84F39672 /* Pods-Flixter.release.xcconfig */ = {isa = PBXFileReference; includeInIndex = 1; lastKnownFileType = text.xcconfig; name = "Pods-Flixter.release.xcconfig"; path = "Target Support Files/Pods-Flixter/Pods-Flixter.release.xcconfig"; sourceTree = "<group>"; };
		32367F2500CCB7738C266528 /* Pods-Flixter.debug.xcconfig */ = {isa = PBXFileReference; includeInIndex = 1; lastKnownFileType = text.xcconfig; name = "Pods-Flixter.debug.xcconfig"; path = "Target Support Files/Pods-Flixter/Pods-Flixter.debug.xcconfig"; sourceTree = "<group>"; };
		4C0B5033403BCA9BAAD3BC67 /* Pods-Flixter-FlixterUITests.release.xcconfig */ = {isa = PBXFileReference; includeInIndex = 1; lastKnownFileType = text.xcconfig; name = "Pods-Flixter-FlixterUITests.release.xcconfig"; path = "Target Support Files/Pods-Flixter-FlixterUITests/Pods-Flixter-FlixterUITests.release.xcconfig"; sourceTree = "<group>"; };
		4D2F45989C71582D5E5979FE /* Pods_FlixterTests.framework */ = {isa = PBXFileReference; explicitFileType = wrapper.framework; includeInIndex = 0; path = Pods_FlixterTests.framework; sourceTree = BUILT_PRODUCTS_DIR; };
		72800E2F583B135D5DACF0AC /* Pods_Flixter_FlixterUITests.framework */ = {isa = PBXFileReference; explicitFileType = wrapper.framework; includeInIndex = 0; path = Pods_Flixter_FlixterUITests.framework; sourceTree = BUILT_PRODUCTS_DIR; };
		7B3BDFD0285AA56100EFCB48 /* MovieCell.h */ = {isa = PBXFileReference; lastKnownFileType = sourcecode.c.h; path = MovieCell.h; sourceTree = "<group>"; };
		7B3BDFD1285AA56100EFCB48 /* MovieCell.m */ = {isa = PBXFileReference; lastKnownFileType = sourcecode.c.objc; path = MovieCell.m; sourceTree = "<group>"; };
		7B60C786285A4DD400DA91F3 /* Flixter.app */ = {isa = PBXFileReference; explicitFileType = wrapper.application; includeInIndex = 0; path = Flixter.app; sourceTree = BUILT_PRODUCTS_DIR; };
		7B60C789285A4DD400DA91F3 /* AppDelegate.h */ = {isa = PBXFileReference; lastKnownFileType = sourcecode.c.h; path = AppDelegate.h; sourceTree = "<group>"; };
		7B60C78A285A4DD400DA91F3 /* AppDelegate.m */ = {isa = PBXFileReference; lastKnownFileType = sourcecode.c.objc; path = AppDelegate.m; sourceTree = "<group>"; };
		7B60C78C285A4DD400DA91F3 /* SceneDelegate.h */ = {isa = PBXFileReference; lastKnownFileType = sourcecode.c.h; path = SceneDelegate.h; sourceTree = "<group>"; };
		7B60C78D285A4DD400DA91F3 /* SceneDelegate.m */ = {isa = PBXFileReference; lastKnownFileType = sourcecode.c.objc; path = SceneDelegate.m; sourceTree = "<group>"; };
		7B60C793285A4DD400DA91F3 /* Base */ = {isa = PBXFileReference; lastKnownFileType = file.storyboard; name = Base; path = Base.lproj/Main.storyboard; sourceTree = "<group>"; };
		7B60C795285A4DD500DA91F3 /* Assets.xcassets */ = {isa = PBXFileReference; lastKnownFileType = folder.assetcatalog; path = Assets.xcassets; sourceTree = "<group>"; };
		7B60C798285A4DD500DA91F3 /* Base */ = {isa = PBXFileReference; lastKnownFileType = file.storyboard; name = Base; path = Base.lproj/LaunchScreen.storyboard; sourceTree = "<group>"; };
		7B60C79A285A4DD500DA91F3 /* Info.plist */ = {isa = PBXFileReference; lastKnownFileType = text.plist.xml; path = Info.plist; sourceTree = "<group>"; };
		7B60C79B285A4DD500DA91F3 /* main.m */ = {isa = PBXFileReference; lastKnownFileType = sourcecode.c.objc; path = main.m; sourceTree = "<group>"; };
		7B60C7A1285A4DD500DA91F3 /* FlixterTests.xctest */ = {isa = PBXFileReference; explicitFileType = wrapper.cfbundle; includeInIndex = 0; path = FlixterTests.xctest; sourceTree = BUILT_PRODUCTS_DIR; };
		7B60C7A5285A4DD500DA91F3 /* FlixterTests.m */ = {isa = PBXFileReference; lastKnownFileType = sourcecode.c.objc; path = FlixterTests.m; sourceTree = "<group>"; };
		7B60C7AB285A4DD500DA91F3 /* FlixterUITests.xctest */ = {isa = PBXFileReference; explicitFileType = wrapper.cfbundle; includeInIndex = 0; path = FlixterUITests.xctest; sourceTree = BUILT_PRODUCTS_DIR; };
		7B60C7AF285A4DD500DA91F3 /* FlixterUITests.m */ = {isa = PBXFileReference; lastKnownFileType = sourcecode.c.objc; path = FlixterUITests.m; sourceTree = "<group>"; };
		7B60C7B1285A4DD500DA91F3 /* FlixterUITestsLaunchTests.m */ = {isa = PBXFileReference; lastKnownFileType = sourcecode.c.objc; path = FlixterUITestsLaunchTests.m; sourceTree = "<group>"; };
		7B60C7BE285A55CD00DA91F3 /* MovieViewController.h */ = {isa = PBXFileReference; lastKnownFileType = sourcecode.c.h; path = MovieViewController.h; sourceTree = "<group>"; };
		7B60C7BF285A55CD00DA91F3 /* MovieViewController.m */ = {isa = PBXFileReference; lastKnownFileType = sourcecode.c.objc; path = MovieViewController.m; sourceTree = "<group>"; };
		7B99FFBA285BCF0E0091EA09 /* DetailsViewController.h */ = {isa = PBXFileReference; lastKnownFileType = sourcecode.c.h; path = DetailsViewController.h; sourceTree = "<group>"; };
		7B99FFBB285BCF0E0091EA09 /* DetailsViewController.m */ = {isa = PBXFileReference; lastKnownFileType = sourcecode.c.objc; path = DetailsViewController.m; sourceTree = "<group>"; };
		7EF348EFDB36CB2C51B4A998 /* Pods-FlixterTests.release.xcconfig */ = {isa = PBXFileReference; includeInIndex = 1; lastKnownFileType = text.xcconfig; name = "Pods-FlixterTests.release.xcconfig"; path = "Target Support Files/Pods-FlixterTests/Pods-FlixterTests.release.xcconfig"; sourceTree = "<group>"; };
		B9D0021DD140AE3AF8A18E85 /* Pods-FlixterTests.debug.xcconfig */ = {isa = PBXFileReference; includeInIndex = 1; lastKnownFileType = text.xcconfig; name = "Pods-FlixterTests.debug.xcconfig"; path = "Target Support Files/Pods-FlixterTests/Pods-FlixterTests.debug.xcconfig"; sourceTree = "<group>"; };
/* End PBXFileReference section */

/* Begin PBXFrameworksBuildPhase section */
		7B60C783285A4DD400DA91F3 /* Frameworks */ = {
			isa = PBXFrameworksBuildPhase;
			buildActionMask = 2147483647;
			files = (
				D10BC4653D7D3E3EDB58EE12 /* Pods_Flixter.framework in Frameworks */,
			);
			runOnlyForDeploymentPostprocessing = 0;
		};
		7B60C79E285A4DD500DA91F3 /* Frameworks */ = {
			isa = PBXFrameworksBuildPhase;
			buildActionMask = 2147483647;
			files = (
				2AC82D121345D9DE1F1C93D4 /* Pods_FlixterTests.framework in Frameworks */,
			);
			runOnlyForDeploymentPostprocessing = 0;
		};
		7B60C7A8285A4DD500DA91F3 /* Frameworks */ = {
			isa = PBXFrameworksBuildPhase;
			buildActionMask = 2147483647;
			files = (
				1DAC370E0FB82FCDAF37A745 /* Pods_Flixter_FlixterUITests.framework in Frameworks */,
			);
			runOnlyForDeploymentPostprocessing = 0;
		};
/* End PBXFrameworksBuildPhase section */

/* Begin PBXGroup section */
		465325D9E3DD7B01F55AA1D4 /* Pods */ = {
			isa = PBXGroup;
			children = (
				32367F2500CCB7738C266528 /* Pods-Flixter.debug.xcconfig */,
				25337B365A5B496C84F39672 /* Pods-Flixter.release.xcconfig */,
				0FD350B4E69004E62E8AEF26 /* Pods-Flixter-FlixterUITests.debug.xcconfig */,
				4C0B5033403BCA9BAAD3BC67 /* Pods-Flixter-FlixterUITests.release.xcconfig */,
				B9D0021DD140AE3AF8A18E85 /* Pods-FlixterTests.debug.xcconfig */,
				7EF348EFDB36CB2C51B4A998 /* Pods-FlixterTests.release.xcconfig */,
			);
			path = Pods;
			sourceTree = "<group>";
		};
		6A43AE3B64A039ABBFEF2C79 /* Frameworks */ = {
			isa = PBXGroup;
			children = (
				0DAA7C399D62CE8A4784267C /* Pods_Flixter.framework */,
				72800E2F583B135D5DACF0AC /* Pods_Flixter_FlixterUITests.framework */,
				4D2F45989C71582D5E5979FE /* Pods_FlixterTests.framework */,
			);
			name = Frameworks;
			sourceTree = "<group>";
		};
		7B60C77D285A4DD400DA91F3 = {
			isa = PBXGroup;
			children = (
				7B60C788285A4DD400DA91F3 /* Flixter */,
				7B60C7A4285A4DD500DA91F3 /* FlixterTests */,
				7B60C7AE285A4DD500DA91F3 /* FlixterUITests */,
				7B60C787285A4DD400DA91F3 /* Products */,
				465325D9E3DD7B01F55AA1D4 /* Pods */,
				6A43AE3B64A039ABBFEF2C79 /* Frameworks */,
			);
			sourceTree = "<group>";
		};
		7B60C787285A4DD400DA91F3 /* Products */ = {
			isa = PBXGroup;
			children = (
				7B60C786285A4DD400DA91F3 /* Flixter.app */,
				7B60C7A1285A4DD500DA91F3 /* FlixterTests.xctest */,
				7B60C7AB285A4DD500DA91F3 /* FlixterUITests.xctest */,
			);
			name = Products;
			sourceTree = "<group>";
		};
		7B60C788285A4DD400DA91F3 /* Flixter */ = {
			isa = PBXGroup;
			children = (
				7B60C789285A4DD400DA91F3 /* AppDelegate.h */,
				7B60C78A285A4DD400DA91F3 /* AppDelegate.m */,
				7B60C78C285A4DD400DA91F3 /* SceneDelegate.h */,
				7B60C78D285A4DD400DA91F3 /* SceneDelegate.m */,
				7B60C792285A4DD400DA91F3 /* Main.storyboard */,
				7B99FFBA285BCF0E0091EA09 /* DetailsViewController.h */,
				7B99FFBB285BCF0E0091EA09 /* DetailsViewController.m */,
				7B60C7BE285A55CD00DA91F3 /* MovieViewController.h */,
				7B60C7BF285A55CD00DA91F3 /* MovieViewController.m */,
				7B60C795285A4DD500DA91F3 /* Assets.xcassets */,
				7B60C797285A4DD500DA91F3 /* LaunchScreen.storyboard */,
				7B60C79A285A4DD500DA91F3 /* Info.plist */,
				7B60C79B285A4DD500DA91F3 /* main.m */,
				7B3BDFD0285AA56100EFCB48 /* MovieCell.h */,
				7B3BDFD1285AA56100EFCB48 /* MovieCell.m */,
			);
			path = Flixter;
			sourceTree = "<group>";
		};
		7B60C7A4285A4DD500DA91F3 /* FlixterTests */ = {
			isa = PBXGroup;
			children = (
				7B60C7A5285A4DD500DA91F3 /* FlixterTests.m */,
			);
			path = FlixterTests;
			sourceTree = "<group>";
		};
		7B60C7AE285A4DD500DA91F3 /* FlixterUITests */ = {
			isa = PBXGroup;
			children = (
				7B60C7AF285A4DD500DA91F3 /* FlixterUITests.m */,
				7B60C7B1285A4DD500DA91F3 /* FlixterUITestsLaunchTests.m */,
			);
			path = FlixterUITests;
			sourceTree = "<group>";
		};
/* End PBXGroup section */

/* Begin PBXNativeTarget section */
		7B60C785285A4DD400DA91F3 /* Flixter */ = {
			isa = PBXNativeTarget;
			buildConfigurationList = 7B60C7B5285A4DD500DA91F3 /* Build configuration list for PBXNativeTarget "Flixter" */;
			buildPhases = (
				84F6BCE896C53384003DCB9E /* [CP] Check Pods Manifest.lock */,
				7B60C782285A4DD400DA91F3 /* Sources */,
				7B60C783285A4DD400DA91F3 /* Frameworks */,
				7B60C784285A4DD400DA91F3 /* Resources */,
				4ADFF22FB79A0908B51BF700 /* [CP] Embed Pods Frameworks */,
			);
			buildRules = (
			);
			dependencies = (
			);
			name = Flixter;
			productName = Flixter;
			productReference = 7B60C786285A4DD400DA91F3 /* Flixter.app */;
			productType = "com.apple.product-type.application";
		};
		7B60C7A0285A4DD500DA91F3 /* FlixterTests */ = {
			isa = PBXNativeTarget;
			buildConfigurationList = 7B60C7B8285A4DD500DA91F3 /* Build configuration list for PBXNativeTarget "FlixterTests" */;
			buildPhases = (
				0E4D1D1589A495D8523ABF6E /* [CP] Check Pods Manifest.lock */,
				7B60C79D285A4DD500DA91F3 /* Sources */,
				7B60C79E285A4DD500DA91F3 /* Frameworks */,
				7B60C79F285A4DD500DA91F3 /* Resources */,
			);
			buildRules = (
			);
			dependencies = (
				7B60C7A3285A4DD500DA91F3 /* PBXTargetDependency */,
			);
			name = FlixterTests;
			productName = FlixterTests;
			productReference = 7B60C7A1285A4DD500DA91F3 /* FlixterTests.xctest */;
			productType = "com.apple.product-type.bundle.unit-test";
		};
		7B60C7AA285A4DD500DA91F3 /* FlixterUITests */ = {
			isa = PBXNativeTarget;
			buildConfigurationList = 7B60C7BB285A4DD500DA91F3 /* Build configuration list for PBXNativeTarget "FlixterUITests" */;
			buildPhases = (
				282DBBE239CB271D2CBE50E7 /* [CP] Check Pods Manifest.lock */,
				7B60C7A7285A4DD500DA91F3 /* Sources */,
				7B60C7A8285A4DD500DA91F3 /* Frameworks */,
				7B60C7A9285A4DD500DA91F3 /* Resources */,
				B74E45EA9004094A834FF3AA /* [CP] Embed Pods Frameworks */,
			);
			buildRules = (
			);
			dependencies = (
				7B60C7AD285A4DD500DA91F3 /* PBXTargetDependency */,
			);
			name = FlixterUITests;
			productName = FlixterUITests;
			productReference = 7B60C7AB285A4DD500DA91F3 /* FlixterUITests.xctest */;
			productType = "com.apple.product-type.bundle.ui-testing";
		};
/* End PBXNativeTarget section */

/* Begin PBXProject section */
		7B60C77E285A4DD400DA91F3 /* Project object */ = {
			isa = PBXProject;
			attributes = {
				BuildIndependentTargetsInParallel = 1;
				LastUpgradeCheck = 1340;
				TargetAttributes = {
					7B60C785285A4DD400DA91F3 = {
						CreatedOnToolsVersion = 13.4;
					};
					7B60C7A0285A4DD500DA91F3 = {
						CreatedOnToolsVersion = 13.4;
						TestTargetID = 7B60C785285A4DD400DA91F3;
					};
					7B60C7AA285A4DD500DA91F3 = {
						CreatedOnToolsVersion = 13.4;
						TestTargetID = 7B60C785285A4DD400DA91F3;
					};
				};
			};
			buildConfigurationList = 7B60C781285A4DD400DA91F3 /* Build configuration list for PBXProject "Flixter" */;
			compatibilityVersion = "Xcode 13.0";
			developmentRegion = en;
			hasScannedForEncodings = 0;
			knownRegions = (
				en,
				Base,
			);
			mainGroup = 7B60C77D285A4DD400DA91F3;
			productRefGroup = 7B60C787285A4DD400DA91F3 /* Products */;
			projectDirPath = "";
			projectRoot = "";
			targets = (
				7B60C785285A4DD400DA91F3 /* Flixter */,
				7B60C7A0285A4DD500DA91F3 /* FlixterTests */,
				7B60C7AA285A4DD500DA91F3 /* FlixterUITests */,
			);
		};
/* End PBXProject section */

/* Begin PBXResourcesBuildPhase section */
		7B60C784285A4DD400DA91F3 /* Resources */ = {
			isa = PBXResourcesBuildPhase;
			buildActionMask = 2147483647;
			files = (
				7B60C799285A4DD500DA91F3 /* LaunchScreen.storyboard in Resources */,
				7B60C796285A4DD500DA91F3 /* Assets.xcassets in Resources */,
				7B60C794285A4DD400DA91F3 /* Main.storyboard in Resources */,
			);
			runOnlyForDeploymentPostprocessing = 0;
		};
		7B60C79F285A4DD500DA91F3 /* Resources */ = {
			isa = PBXResourcesBuildPhase;
			buildActionMask = 2147483647;
			files = (
			);
			runOnlyForDeploymentPostprocessing = 0;
		};
		7B60C7A9285A4DD500DA91F3 /* Resources */ = {
			isa = PBXResourcesBuildPhase;
			buildActionMask = 2147483647;
			files = (
			);
			runOnlyForDeploymentPostprocessing = 0;
		};
/* End PBXResourcesBuildPhase section */

/* Begin PBXShellScriptBuildPhase section */
		0E4D1D1589A495D8523ABF6E /* [CP] Check Pods Manifest.lock */ = {
			isa = PBXShellScriptBuildPhase;
			buildActionMask = 2147483647;
			files = (
			);
			inputFileListPaths = (
			);
			inputPaths = (
				"${PODS_PODFILE_DIR_PATH}/Podfile.lock",
				"${PODS_ROOT}/Manifest.lock",
			);
			name = "[CP] Check Pods Manifest.lock";
			outputFileListPaths = (
			);
			outputPaths = (
				"$(DERIVED_FILE_DIR)/Pods-FlixterTests-checkManifestLockResult.txt",
			);
			runOnlyForDeploymentPostprocessing = 0;
			shellPath = /bin/sh;
			shellScript = "diff \"${PODS_PODFILE_DIR_PATH}/Podfile.lock\" \"${PODS_ROOT}/Manifest.lock\" > /dev/null\nif [ $? != 0 ] ; then\n    # print error to STDERR\n    echo \"error: The sandbox is not in sync with the Podfile.lock. Run 'pod install' or update your CocoaPods installation.\" >&2\n    exit 1\nfi\n# This output is used by Xcode 'outputs' to avoid re-running this script phase.\necho \"SUCCESS\" > \"${SCRIPT_OUTPUT_FILE_0}\"\n";
			showEnvVarsInLog = 0;
		};
		282DBBE239CB271D2CBE50E7 /* [CP] Check Pods Manifest.lock */ = {
			isa = PBXShellScriptBuildPhase;
			buildActionMask = 2147483647;
			files = (
			);
			inputFileListPaths = (
			);
			inputPaths = (
				"${PODS_PODFILE_DIR_PATH}/Podfile.lock",
				"${PODS_ROOT}/Manifest.lock",
			);
			name = "[CP] Check Pods Manifest.lock";
			outputFileListPaths = (
			);
			outputPaths = (
				"$(DERIVED_FILE_DIR)/Pods-Flixter-FlixterUITests-checkManifestLockResult.txt",
			);
			runOnlyForDeploymentPostprocessing = 0;
			shellPath = /bin/sh;
			shellScript = "diff \"${PODS_PODFILE_DIR_PATH}/Podfile.lock\" \"${PODS_ROOT}/Manifest.lock\" > /dev/null\nif [ $? != 0 ] ; then\n    # print error to STDERR\n    echo \"error: The sandbox is not in sync with the Podfile.lock. Run 'pod install' or update your CocoaPods installation.\" >&2\n    exit 1\nfi\n# This output is used by Xcode 'outputs' to avoid re-running this script phase.\necho \"SUCCESS\" > \"${SCRIPT_OUTPUT_FILE_0}\"\n";
			showEnvVarsInLog = 0;
		};
		4ADFF22FB79A0908B51BF700 /* [CP] Embed Pods Frameworks */ = {
			isa = PBXShellScriptBuildPhase;
			buildActionMask = 2147483647;
			files = (
			);
			inputFileListPaths = (
				"${PODS_ROOT}/Target Support Files/Pods-Flixter/Pods-Flixter-frameworks-${CONFIGURATION}-input-files.xcfilelist",
			);
			name = "[CP] Embed Pods Frameworks";
			outputFileListPaths = (
				"${PODS_ROOT}/Target Support Files/Pods-Flixter/Pods-Flixter-frameworks-${CONFIGURATION}-output-files.xcfilelist",
			);
			runOnlyForDeploymentPostprocessing = 0;
			shellPath = /bin/sh;
			shellScript = "\"${PODS_ROOT}/Target Support Files/Pods-Flixter/Pods-Flixter-frameworks.sh\"\n";
			showEnvVarsInLog = 0;
		};
		84F6BCE896C53384003DCB9E /* [CP] Check Pods Manifest.lock */ = {
			isa = PBXShellScriptBuildPhase;
			buildActionMask = 2147483647;
			files = (
			);
			inputFileListPaths = (
			);
			inputPaths = (
				"${PODS_PODFILE_DIR_PATH}/Podfile.lock",
				"${PODS_ROOT}/Manifest.lock",
			);
			name = "[CP] Check Pods Manifest.lock";
			outputFileListPaths = (
			);
			outputPaths = (
				"$(DERIVED_FILE_DIR)/Pods-Flixter-checkManifestLockResult.txt",
			);
			runOnlyForDeploymentPostprocessing = 0;
			shellPath = /bin/sh;
			shellScript = "diff \"${PODS_PODFILE_DIR_PATH}/Podfile.lock\" \"${PODS_ROOT}/Manifest.lock\" > /dev/null\nif [ $? != 0 ] ; then\n    # print error to STDERR\n    echo \"error: The sandbox is not in sync with the Podfile.lock. Run 'pod install' or update your CocoaPods installation.\" >&2\n    exit 1\nfi\n# This output is used by Xcode 'outputs' to avoid re-running this script phase.\necho \"SUCCESS\" > \"${SCRIPT_OUTPUT_FILE_0}\"\n";
			showEnvVarsInLog = 0;
		};
		B74E45EA9004094A834FF3AA /* [CP] Embed Pods Frameworks */ = {
			isa = PBXShellScriptBuildPhase;
			buildActionMask = 2147483647;
			files = (
			);
			inputFileListPaths = (
				"${PODS_ROOT}/Target Support Files/Pods-Flixter-FlixterUITests/Pods-Flixter-FlixterUITests-frameworks-${CONFIGURATION}-input-files.xcfilelist",
			);
			name = "[CP] Embed Pods Frameworks";
			outputFileListPaths = (
				"${PODS_ROOT}/Target Support Files/Pods-Flixter-FlixterUITests/Pods-Flixter-FlixterUITests-frameworks-${CONFIGURATION}-output-files.xcfilelist",
			);
			runOnlyForDeploymentPostprocessing = 0;
			shellPath = /bin/sh;
			shellScript = "\"${PODS_ROOT}/Target Support Files/Pods-Flixter-FlixterUITests/Pods-Flixter-FlixterUITests-frameworks.sh\"\n";
			showEnvVarsInLog = 0;
		};
/* End PBXShellScriptBuildPhase section */

/* Begin PBXSourcesBuildPhase section */
		7B60C782285A4DD400DA91F3 /* Sources */ = {
			isa = PBXSourcesBuildPhase;
			buildActionMask = 2147483647;
			files = (
				7B60C78B285A4DD400DA91F3 /* AppDelegate.m in Sources */,
				7B3BDFD2285AA56100EFCB48 /* MovieCell.m in Sources */,
				7B60C79C285A4DD500DA91F3 /* main.m in Sources */,
				7B99FFBC285BCF0E0091EA09 /* DetailsViewController.m in Sources */,
				7B60C78E285A4DD400DA91F3 /* SceneDelegate.m in Sources */,
				7B60C7C0285A55CD00DA91F3 /* MovieViewController.m in Sources */,
			);
			runOnlyForDeploymentPostprocessing = 0;
		};
		7B60C79D285A4DD500DA91F3 /* Sources */ = {
			isa = PBXSourcesBuildPhase;
			buildActionMask = 2147483647;
			files = (
				7B60C7A6285A4DD500DA91F3 /* FlixterTests.m in Sources */,
			);
			runOnlyForDeploymentPostprocessing = 0;
		};
		7B60C7A7285A4DD500DA91F3 /* Sources */ = {
			isa = PBXSourcesBuildPhase;
			buildActionMask = 2147483647;
			files = (
				7B60C7B0285A4DD500DA91F3 /* FlixterUITests.m in Sources */,
				7B60C7B2285A4DD500DA91F3 /* FlixterUITestsLaunchTests.m in Sources */,
			);
			runOnlyForDeploymentPostprocessing = 0;
		};
/* End PBXSourcesBuildPhase section */

/* Begin PBXTargetDependency section */
		7B60C7A3285A4DD500DA91F3 /* PBXTargetDependency */ = {
			isa = PBXTargetDependency;
			target = 7B60C785285A4DD400DA91F3 /* Flixter */;
			targetProxy = 7B60C7A2285A4DD500DA91F3 /* PBXContainerItemProxy */;
		};
		7B60C7AD285A4DD500DA91F3 /* PBXTargetDependency */ = {
			isa = PBXTargetDependency;
			target = 7B60C785285A4DD400DA91F3 /* Flixter */;
			targetProxy = 7B60C7AC285A4DD500DA91F3 /* PBXContainerItemProxy */;
		};
/* End PBXTargetDependency section */

/* Begin PBXVariantGroup section */
		7B60C792285A4DD400DA91F3 /* Main.storyboard */ = {
			isa = PBXVariantGroup;
			children = (
				7B60C793285A4DD400DA91F3 /* Base */,
			);
			name = Main.storyboard;
			sourceTree = "<group>";
		};
		7B60C797285A4DD500DA91F3 /* LaunchScreen.storyboard */ = {
			isa = PBXVariantGroup;
			children = (
				7B60C798285A4DD500DA91F3 /* Base */,
			);
			name = LaunchScreen.storyboard;
			sourceTree = "<group>";
		};
/* End PBXVariantGroup section */

/* Begin XCBuildConfiguration section */
		7B60C7B3285A4DD500DA91F3 /* Debug */ = {
			isa = XCBuildConfiguration;
			buildSettings = {
				ALWAYS_SEARCH_USER_PATHS = NO;
				CLANG_ANALYZER_NONNULL = YES;
				CLANG_ANALYZER_NUMBER_OBJECT_CONVERSION = YES_AGGRESSIVE;
				CLANG_CXX_LANGUAGE_STANDARD = "gnu++17";
				CLANG_ENABLE_MODULES = YES;
				CLANG_ENABLE_OBJC_ARC = YES;
				CLANG_ENABLE_OBJC_WEAK = YES;
				CLANG_WARN_BLOCK_CAPTURE_AUTORELEASING = YES;
				CLANG_WARN_BOOL_CONVERSION = YES;
				CLANG_WARN_COMMA = YES;
				CLANG_WARN_CONSTANT_CONVERSION = YES;
				CLANG_WARN_DEPRECATED_OBJC_IMPLEMENTATIONS = YES;
				CLANG_WARN_DIRECT_OBJC_ISA_USAGE = YES_ERROR;
				CLANG_WARN_DOCUMENTATION_COMMENTS = YES;
				CLANG_WARN_EMPTY_BODY = YES;
				CLANG_WARN_ENUM_CONVERSION = YES;
				CLANG_WARN_INFINITE_RECURSION = YES;
				CLANG_WARN_INT_CONVERSION = YES;
				CLANG_WARN_NON_LITERAL_NULL_CONVERSION = YES;
				CLANG_WARN_OBJC_IMPLICIT_RETAIN_SELF = YES;
				CLANG_WARN_OBJC_LITERAL_CONVERSION = YES;
				CLANG_WARN_OBJC_ROOT_CLASS = YES_ERROR;
				CLANG_WARN_QUOTED_INCLUDE_IN_FRAMEWORK_HEADER = YES;
				CLANG_WARN_RANGE_LOOP_ANALYSIS = YES;
				CLANG_WARN_STRICT_PROTOTYPES = YES;
				CLANG_WARN_SUSPICIOUS_MOVE = YES;
				CLANG_WARN_UNGUARDED_AVAILABILITY = YES_AGGRESSIVE;
				CLANG_WARN_UNREACHABLE_CODE = YES;
				CLANG_WARN__DUPLICATE_METHOD_MATCH = YES;
				COPY_PHASE_STRIP = NO;
				DEBUG_INFORMATION_FORMAT = dwarf;
				ENABLE_STRICT_OBJC_MSGSEND = YES;
				ENABLE_TESTABILITY = YES;
				GCC_C_LANGUAGE_STANDARD = gnu11;
				GCC_DYNAMIC_NO_PIC = NO;
				GCC_NO_COMMON_BLOCKS = YES;
				GCC_OPTIMIZATION_LEVEL = 0;
				GCC_PREPROCESSOR_DEFINITIONS = (
					"DEBUG=1",
					"$(inherited)",
				);
				GCC_WARN_64_TO_32_BIT_CONVERSION = YES;
				GCC_WARN_ABOUT_RETURN_TYPE = YES_ERROR;
				GCC_WARN_UNDECLARED_SELECTOR = YES;
				GCC_WARN_UNINITIALIZED_AUTOS = YES_AGGRESSIVE;
				GCC_WARN_UNUSED_FUNCTION = YES;
				GCC_WARN_UNUSED_VARIABLE = YES;
				IPHONEOS_DEPLOYMENT_TARGET = 15.5;
				MTL_ENABLE_DEBUG_INFO = INCLUDE_SOURCE;
				MTL_FAST_MATH = YES;
				ONLY_ACTIVE_ARCH = YES;
				SDKROOT = iphoneos;
			};
			name = Debug;
		};
		7B60C7B4285A4DD500DA91F3 /* Release */ = {
			isa = XCBuildConfiguration;
			buildSettings = {
				ALWAYS_SEARCH_USER_PATHS = NO;
				CLANG_ANALYZER_NONNULL = YES;
				CLANG_ANALYZER_NUMBER_OBJECT_CONVERSION = YES_AGGRESSIVE;
				CLANG_CXX_LANGUAGE_STANDARD = "gnu++17";
				CLANG_ENABLE_MODULES = YES;
				CLANG_ENABLE_OBJC_ARC = YES;
				CLANG_ENABLE_OBJC_WEAK = YES;
				CLANG_WARN_BLOCK_CAPTURE_AUTORELEASING = YES;
				CLANG_WARN_BOOL_CONVERSION = YES;
				CLANG_WARN_COMMA = YES;
				CLANG_WARN_CONSTANT_CONVERSION = YES;
				CLANG_WARN_DEPRECATED_OBJC_IMPLEMENTATIONS = YES;
				CLANG_WARN_DIRECT_OBJC_ISA_USAGE = YES_ERROR;
				CLANG_WARN_DOCUMENTATION_COMMENTS = YES;
				CLANG_WARN_EMPTY_BODY = YES;
				CLANG_WARN_ENUM_CONVERSION = YES;
				CLANG_WARN_INFINITE_RECURSION = YES;
				CLANG_WARN_INT_CONVERSION = YES;
				CLANG_WARN_NON_LITERAL_NULL_CONVERSION = YES;
				CLANG_WARN_OBJC_IMPLICIT_RETAIN_SELF = YES;
				CLANG_WARN_OBJC_LITERAL_CONVERSION = YES;
				CLANG_WARN_OBJC_ROOT_CLASS = YES_ERROR;
				CLANG_WARN_QUOTED_INCLUDE_IN_FRAMEWORK_HEADER = YES;
				CLANG_WARN_RANGE_LOOP_ANALYSIS = YES;
				CLANG_WARN_STRICT_PROTOTYPES = YES;
				CLANG_WARN_SUSPICIOUS_MOVE = YES;
				CLANG_WARN_UNGUARDED_AVAILABILITY = YES_AGGRESSIVE;
				CLANG_WARN_UNREACHABLE_CODE = YES;
				CLANG_WARN__DUPLICATE_METHOD_MATCH = YES;
				COPY_PHASE_STRIP = NO;
				DEBUG_INFORMATION_FORMAT = "dwarf-with-dsym";
				ENABLE_NS_ASSERTIONS = NO;
				ENABLE_STRICT_OBJC_MSGSEND = YES;
				GCC_C_LANGUAGE_STANDARD = gnu11;
				GCC_NO_COMMON_BLOCKS = YES;
				GCC_WARN_64_TO_32_BIT_CONVERSION = YES;
				GCC_WARN_ABOUT_RETURN_TYPE = YES_ERROR;
				GCC_WARN_UNDECLARED_SELECTOR = YES;
				GCC_WARN_UNINITIALIZED_AUTOS = YES_AGGRESSIVE;
				GCC_WARN_UNUSED_FUNCTION = YES;
				GCC_WARN_UNUSED_VARIABLE = YES;
				IPHONEOS_DEPLOYMENT_TARGET = 15.5;
				MTL_ENABLE_DEBUG_INFO = NO;
				MTL_FAST_MATH = YES;
				SDKROOT = iphoneos;
				VALIDATE_PRODUCT = YES;
			};
			name = Release;
		};
		7B60C7B6285A4DD500DA91F3 /* Debug */ = {
			isa = XCBuildConfiguration;
			baseConfigurationReference = 32367F2500CCB7738C266528 /* Pods-Flixter.debug.xcconfig */;
			buildSettings = {
				ASSETCATALOG_COMPILER_APPICON_NAME = AppIcon;
				ASSETCATALOG_COMPILER_GLOBAL_ACCENT_COLOR_NAME = AccentColor;
				CODE_SIGN_STYLE = Automatic;
				CURRENT_PROJECT_VERSION = 1;
				DEVELOPMENT_TEAM = R2C96ZMXAW;
				GENERATE_INFOPLIST_FILE = YES;
				INFOPLIST_FILE = Flixter/Info.plist;
				INFOPLIST_KEY_UIApplicationSupportsIndirectInputEvents = YES;
				INFOPLIST_KEY_UILaunchStoryboardName = LaunchScreen;
				INFOPLIST_KEY_UIMainStoryboardFile = Main;
				INFOPLIST_KEY_UISupportedInterfaceOrientations_iPad = "UIInterfaceOrientationPortrait UIInterfaceOrientationPortraitUpsideDown UIInterfaceOrientationLandscapeLeft UIInterfaceOrientationLandscapeRight";
				INFOPLIST_KEY_UISupportedInterfaceOrientations_iPhone = "UIInterfaceOrientationPortrait UIInterfaceOrientationLandscapeLeft UIInterfaceOrientationLandscapeRight";
				LD_RUNPATH_SEARCH_PATHS = (
					"$(inherited)",
					"@executable_path/Frameworks",
				);
				MARKETING_VERSION = 1.0;
				PRODUCT_BUNDLE_IDENTIFIER = com.shrevin.Flixter;
				PRODUCT_NAME = "$(TARGET_NAME)";
				SWIFT_EMIT_LOC_STRINGS = YES;
				TARGETED_DEVICE_FAMILY = "1,2";
			};
			name = Debug;
		};
		7B60C7B7285A4DD500DA91F3 /* Release */ = {
			isa = XCBuildConfiguration;
			baseConfigurationReference = 25337B365A5B496C84F39672 /* Pods-Flixter.release.xcconfig */;
			buildSettings = {
				ASSETCATALOG_COMPILER_APPICON_NAME = AppIcon;
				ASSETCATALOG_COMPILER_GLOBAL_ACCENT_COLOR_NAME = AccentColor;
				CODE_SIGN_STYLE = Automatic;
				CURRENT_PROJECT_VERSION = 1;
				DEVELOPMENT_TEAM = R2C96ZMXAW;
				GENERATE_INFOPLIST_FILE = YES;
				INFOPLIST_FILE = Flixter/Info.plist;
				INFOPLIST_KEY_UIApplicationSupportsIndirectInputEvents = YES;
				INFOPLIST_KEY_UILaunchStoryboardName = LaunchScreen;
				INFOPLIST_KEY_UIMainStoryboardFile = Main;
				INFOPLIST_KEY_UISupportedInterfaceOrientations_iPad = "UIInterfaceOrientationPortrait UIInterfaceOrientationPortraitUpsideDown UIInterfaceOrientationLandscapeLeft UIInterfaceOrientationLandscapeRight";
				INFOPLIST_KEY_UISupportedInterfaceOrientations_iPhone = "UIInterfaceOrientationPortrait UIInterfaceOrientationLandscapeLeft UIInterfaceOrientationLandscapeRight";
				LD_RUNPATH_SEARCH_PATHS = (
					"$(inherited)",
					"@executable_path/Frameworks",
				);
				MARKETING_VERSION = 1.0;
				PRODUCT_BUNDLE_IDENTIFIER = com.shrevin.Flixter;
				PRODUCT_NAME = "$(TARGET_NAME)";
				SWIFT_EMIT_LOC_STRINGS = YES;
				TARGETED_DEVICE_FAMILY = "1,2";
			};
			name = Release;
		};
		7B60C7B9285A4DD500DA91F3 /* Debug */ = {
			isa = XCBuildConfiguration;
			baseConfigurationReference = B9D0021DD140AE3AF8A18E85 /* Pods-FlixterTests.debug.xcconfig */;
			buildSettings = {
				BUNDLE_LOADER = "$(TEST_HOST)";
				CODE_SIGN_STYLE = Automatic;
				CURRENT_PROJECT_VERSION = 1;
				DEVELOPMENT_TEAM = R2C96ZMXAW;
				GENERATE_INFOPLIST_FILE = YES;
				IPHONEOS_DEPLOYMENT_TARGET = 15.5;
				MARKETING_VERSION = 1.0;
				PRODUCT_BUNDLE_IDENTIFIER = com.shrevin.FlixterTests;
				PRODUCT_NAME = "$(TARGET_NAME)";
				SWIFT_EMIT_LOC_STRINGS = NO;
				TARGETED_DEVICE_FAMILY = "1,2";
				TEST_HOST = "$(BUILT_PRODUCTS_DIR)/Flixter.app/Flixter";
			};
			name = Debug;
		};
		7B60C7BA285A4DD500DA91F3 /* Release */ = {
			isa = XCBuildConfiguration;
			baseConfigurationReference = 7EF348EFDB36CB2C51B4A998 /* Pods-FlixterTests.release.xcconfig */;
			buildSettings = {
				BUNDLE_LOADER = "$(TEST_HOST)";
				CODE_SIGN_STYLE = Automatic;
				CURRENT_PROJECT_VERSION = 1;
				DEVELOPMENT_TEAM = R2C96ZMXAW;
				GENERATE_INFOPLIST_FILE = YES;
				IPHONEOS_DEPLOYMENT_TARGET = 15.5;
				MARKETING_VERSION = 1.0;
				PRODUCT_BUNDLE_IDENTIFIER = com.shrevin.FlixterTests;
				PRODUCT_NAME = "$(TARGET_NAME)";
				SWIFT_EMIT_LOC_STRINGS = NO;
				TARGETED_DEVICE_FAMILY = "1,2";
				TEST_HOST = "$(BUILT_PRODUCTS_DIR)/Flixter.app/Flixter";
			};
			name = Release;
		};
		7B60C7BC285A4DD500DA91F3 /* Debug */ = {
			isa = XCBuildConfiguration;
			baseConfigurationReference = 0FD350B4E69004E62E8AEF26 /* Pods-Flixter-FlixterUITests.debug.xcconfig */;
			buildSettings = {
				CODE_SIGN_STYLE = Automatic;
				CURRENT_PROJECT_VERSION = 1;
				DEVELOPMENT_TEAM = R2C96ZMXAW;
				GENERATE_INFOPLIST_FILE = YES;
				MARKETING_VERSION = 1.0;
				PRODUCT_BUNDLE_IDENTIFIER = com.shrevin.FlixterUITests;
				PRODUCT_NAME = "$(TARGET_NAME)";
				SWIFT_EMIT_LOC_STRINGS = NO;
				TARGETED_DEVICE_FAMILY = "1,2";
				TEST_TARGET_NAME = Flixter;
			};
			name = Debug;
		};
		7B60C7BD285A4DD500DA91F3 /* Release */ = {
			isa = XCBuildConfiguration;
			baseConfigurationReference = 4C0B5033403BCA9BAAD3BC67 /* Pods-Flixter-FlixterUITests.release.xcconfig */;
			buildSettings = {
				CODE_SIGN_STYLE = Automatic;
				CURRENT_PROJECT_VERSION = 1;
				DEVELOPMENT_TEAM = R2C96ZMXAW;
				GENERATE_INFOPLIST_FILE = YES;
				MARKETING_VERSION = 1.0;
				PRODUCT_BUNDLE_IDENTIFIER = com.shrevin.FlixterUITests;
				PRODUCT_NAME = "$(TARGET_NAME)";
				SWIFT_EMIT_LOC_STRINGS = NO;
				TARGETED_DEVICE_FAMILY = "1,2";
				TEST_TARGET_NAME = Flixter;
			};
			name = Release;
		};
/* End XCBuildConfiguration section */

/* Begin XCConfigurationList section */
		7B60C781285A4DD400DA91F3 /* Build configuration list for PBXProject "Flixter" */ = {
			isa = XCConfigurationList;
			buildConfigurations = (
				7B60C7B3285A4DD500DA91F3 /* Debug */,
				7B60C7B4285A4DD500DA91F3 /* Release */,
			);
			defaultConfigurationIsVisible = 0;
			defaultConfigurationName = Release;
		};
		7B60C7B5285A4DD500DA91F3 /* Build configuration list for PBXNativeTarget "Flixter" */ = {
			isa = XCConfigurationList;
			buildConfigurations = (
				7B60C7B6285A4DD500DA91F3 /* Debug */,
				7B60C7B7285A4DD500DA91F3 /* Release */,
			);
			defaultConfigurationIsVisible = 0;
			defaultConfigurationName = Release;
		};
		7B60C7B8285A4DD500DA91F3 /* Build configuration list for PBXNativeTarget "FlixterTests" */ = {
			isa = XCConfigurationList;
			buildConfigurations = (
				7B60C7B9285A4DD500DA91F3 /* Debug */,
				7B60C7BA285A4DD500DA91F3 /* Release */,
			);
			defaultConfigurationIsVisible = 0;
			defaultConfigurationName = Release;
		};
		7B60C7BB285A4DD500DA91F3 /* Build configuration list for PBXNativeTarget "FlixterUITests" */ = {
			isa = XCConfigurationList;
			buildConfigurations = (
				7B60C7BC285A4DD500DA91F3 /* Debug */,
				7B60C7BD285A4DD500DA91F3 /* Release */,
			);
			defaultConfigurationIsVisible = 0;
			defaultConfigurationName = Release;
		};
/* End XCConfigurationList section */
	};
	rootObject = 7B60C77E285A4DD400DA91F3 /* Project object */;
}
